{
  "name": "Plugins",
  "lockfileVersion": 2,
  "requires": true,
  "packages": {
    "": {
      "dependencies": {
        "enmity": "^1.2.4"
      }
    },
    "node_modules/enmity": {
      "version": "1.2.4",
      "resolved": "https://registry.npmjs.org/enmity/-/enmity-1.2.4.tgz",
      "integrity": "sha512-21/peNNildUiEsYqhI9If3RnskzPUhqp2BFLazfeO2+qN1nCsbl/SK5MGh6TQfWswgv9fM1p/yVh+BK2jpBGiw=="
    }
  },
  "dependencies": {
    "enmity": {
      "version": "1.2.4",
      "resolved": "https://registry.npmjs.org/enmity/-/enmity-1.2.4.tgz",
      "integrity": "sha512-21/peNNildUiEsYqhI9If3RnskzPUhqp2BFLazfeO2+qN1nCsbl/SK5MGh6TQfWswgv9fM1p/yVh+BK2jpBGiw=="
    }
  }
}
